
Microsoft Visual Studio Solution File, Format Version 12.00
# Visual Studio Version 16
VisualStudioVersion = 16.0.31624.102
MinimumVisualStudioVersion = 10.0.40219.1
Project("{FAE04EC0-301F-11D3-BF4B-00C04F79EFBC}") = "Karekök", "Karekök\Karekök.csproj", "{1DBDBEF0-8A22-4874-BC86-D7BDB42C39AA}"
EndProject
Project("{FAE04EC0-301F-11D3-BF4B-00C04F79EFBC}") = "AnimalSound", "AnimalSound\AnimalSound.csproj", "{54BAD7AF-291B-44E0-BF57-86871A34ADB6}"
EndProject
Project("{FAE04EC0-301F-11D3-BF4B-00C04F79EFBC}") = "ConsoleApp1.1", "ConsoleApp1.1\ConsoleApp1.1.csproj", "{B642D64B-E7D2-4A3D-8584-6B1F696EA49F}"
EndProject
Project("{FAE04EC0-301F-11D3-BF4B-00C04F79EFBC}") = "ConsoleApp1.2", "ConsoleApp1.2\ConsoleApp1.2.csproj", "{5C106651-736D-47E9-A4A8-BBB4C69ED5C3}"
EndProject
Project("{FAE04EC0-301F-11D3-BF4B-00C04F79EFBC}") = "ConsoleApp1.3", "ConsoleApp1.3\ConsoleApp1.3.csproj", "{4B24A295-824B-4448-9E13-D19536703AB9}"
EndProject
Project("{FAE04EC0-301F-11D3-BF4B-00C04F79EFBC}") = "ConsoleApp1.4", "ConsoleApp1.4\ConsoleApp1.4.csproj", "{378102B5-5953-49AC-B03C-BE82FAE3F7D7}"
EndProject
Project("{FAE04EC0-301F-11D3-BF4B-00C04F79EFBC}") = "ConsoleApp1.5", "ConsoleApp1.5\ConsoleApp1.5.csproj", "{8E582EB6-5896-49CE-A6A9-DBB99F7DEE98}"
EndProject
Project("{FAE04EC0-301F-11D3-BF4B-00C04F79EFBC}") = "ConsoleApp1.6", "ConsoleApp1.7\ConsoleApp1.6.csproj", "{83A89602-EDE0-4E4D-B231-DDC685EB90E3}"
EndProject
Project("{FAE04EC0-301F-11D3-BF4B-00C04F79EFBC}") = "ConsoleApp1.1.7", "ConsoleApp1.1.7\ConsoleApp1.1.7.csproj", "{F71EF9A8-E7E8-45DF-BB8E-92B466A65651}"
EndProject
Project("{FAE04EC0-301F-11D3-BF4B-00C04F79EFBC}") = "ConsoleApp1.8", "ConsoleApp1.8\ConsoleApp1.8.csproj", "{C32C6DB5-4292-46B8-B133-4FD45BF0CBB2}"
EndProject
Global
	GlobalSection(SolutionConfigurationPlatforms) = preSolution
		Debug|Any CPU = Debug|Any CPU
		Release|Any CPU = Release|Any CPU
	EndGlobalSection
	GlobalSection(ProjectConfigurationPlatforms) = postSolution
		{1DBDBEF0-8A22-4874-BC86-D7BDB42C39AA}.Debug|Any CPU.ActiveCfg = Debug|Any CPU
		{1DBDBEF0-8A22-4874-BC86-D7BDB42C39AA}.Debug|Any CPU.Build.0 = Debug|Any CPU
		{1DBDBEF0-8A22-4874-BC86-D7BDB42C39AA}.Release|Any CPU.ActiveCfg = Release|Any CPU
		{1DBDBEF0-8A22-4874-BC86-D7BDB42C39AA}.Release|Any CPU.Build.0 = Release|Any CPU
		{54BAD7AF-291B-44E0-BF57-86871A34ADB6}.Debug|Any CPU.ActiveCfg = Debug|Any CPU
		{54BAD7AF-291B-44E0-BF57-86871A34ADB6}.Debug|Any CPU.Build.0 = Debug|Any CPU
		{54BAD7AF-291B-44E0-BF57-86871A34ADB6}.Release|Any CPU.ActiveCfg = Release|Any CPU
		{54BAD7AF-291B-44E0-BF57-86871A34ADB6}.Release|Any CPU.Build.0 = Release|Any CPU
		{B642D64B-E7D2-4A3D-8584-6B1F696EA49F}.Debug|Any CPU.ActiveCfg = Debug|Any CPU
		{B642D64B-E7D2-4A3D-8584-6B1F696EA49F}.Debug|Any CPU.Build.0 = Debug|Any CPU
		{B642D64B-E7D2-4A3D-8584-6B1F696EA49F}.Release|Any CPU.ActiveCfg = Release|Any CPU
		{B642D64B-E7D2-4A3D-8584-6B1F696EA49F}.Release|Any CPU.Build.0 = Release|Any CPU
		{5C106651-736D-47E9-A4A8-BBB4C69ED5C3}.Debug|Any CPU.ActiveCfg = Debug|Any CPU
		{5C106651-736D-47E9-A4A8-BBB4C69ED5C3}.Debug|Any CPU.Build.0 = Debug|Any CPU
		{5C106651-736D-47E9-A4A8-BBB4C69ED5C3}.Release|Any CPU.ActiveCfg = Release|Any CPU
		{5C106651-736D-47E9-A4A8-BBB4C69ED5C3}.Release|Any CPU.Build.0 = Release|Any CPU
		{4B24A295-824B-4448-9E13-D19536703AB9}.Debug|Any CPU.ActiveCfg = Debug|Any CPU
		{4B24A295-824B-4448-9E13-D19536703AB9}.Debug|Any CPU.Build.0 = Debug|Any CPU
		{4B24A295-824B-4448-9E13-D19536703AB9}.Release|Any CPU.ActiveCfg = Release|Any CPU
		{4B24A295-824B-4448-9E13-D19536703AB9}.Release|Any CPU.Build.0 = Release|Any CPU
		{378102B5-5953-49AC-B03C-BE82FAE3F7D7}.Debug|Any CPU.ActiveCfg = Debug|Any CPU
		{378102B5-5953-49AC-B03C-BE82FAE3F7D7}.Debug|Any CPU.Build.0 = Debug|Any CPU
		{378102B5-5953-49AC-B03C-BE82FAE3F7D7}.Release|Any CPU.ActiveCfg = Release|Any CPU
		{378102B5-5953-49AC-B03C-BE82FAE3F7D7}.Release|Any CPU.Build.0 = Release|Any CPU
		{8E582EB6-5896-49CE-A6A9-DBB99F7DEE98}.Debug|Any CPU.ActiveCfg = Debug|Any CPU
		{8E582EB6-5896-49CE-A6A9-DBB99F7DEE98}.Debug|Any CPU.Build.0 = Debug|Any CPU
		{8E582EB6-5896-49CE-A6A9-DBB99F7DEE98}.Release|Any CPU.ActiveCfg = Release|Any CPU
		{8E582EB6-5896-49CE-A6A9-DBB99F7DEE98}.Release|Any CPU.Build.0 = Release|Any CPU
		{83A89602-EDE0-4E4D-B231-DDC685EB90E3}.Debug|Any CPU.ActiveCfg = Debug|Any CPU
		{83A89602-EDE0-4E4D-B231-DDC685EB90E3}.Debug|Any CPU.Build.0 = Debug|Any CPU
		{83A89602-EDE0-4E4D-B231-DDC685EB90E3}.Release|Any CPU.ActiveCfg = Release|Any CPU
		{83A89602-EDE0-4E4D-B231-DDC685EB90E3}.Release|Any CPU.Build.0 = Release|Any CPU
		{F71EF9A8-E7E8-45DF-BB8E-92B466A65651}.Debug|Any CPU.ActiveCfg = Debug|Any CPU
		{F71EF9A8-E7E8-45DF-BB8E-92B466A65651}.Debug|Any CPU.Build.0 = Debug|Any CPU
		{F71EF9A8-E7E8-45DF-BB8E-92B466A65651}.Release|Any CPU.ActiveCfg = Release|Any CPU
		{F71EF9A8-E7E8-45DF-BB8E-92B466A65651}.Release|Any CPU.Build.0 = Release|Any CPU
		{C32C6DB5-4292-46B8-B133-4FD45BF0CBB2}.Debug|Any CPU.ActiveCfg = Debug|Any CPU
		{C32C6DB5-4292-46B8-B133-4FD45BF0CBB2}.Debug|Any CPU.Build.0 = Debug|Any CPU
		{C32C6DB5-4292-46B8-B133-4FD45BF0CBB2}.Release|Any CPU.ActiveCfg = Release|Any CPU
		{C32C6DB5-4292-46B8-B133-4FD45BF0CBB2}.Release|Any CPU.Build.0 = Release|Any CPU
	EndGlobalSection
	GlobalSection(SolutionProperties) = preSolution
		HideSolutionNode = FALSE
	EndGlobalSection
	GlobalSection(ExtensibilityGlobals) = postSolution
		SolutionGuid = {AE38A6F9-54F7-49F0-A4FB-4CF95A53CDA8}
	EndGlobalSection
EndGlobal
